// !$*UTF8*$!
{
	archiveVersion = 1;
	classes = {
	};
	objectVersion = 51;
	objects = {

/* Begin PBXBuildFile section */
		53EF422950E07B0B8837D959 /* Pods_Plantasia.framework in Frameworks */ = {isa = PBXBuildFile; fileRef = D635DDCA7B7EFB17AA09CB08 /* Pods_Plantasia.framework */; };
		AB13E0E9245DE87C009C6263 /* TabBarViewController.swift in Sources */ = {isa = PBXBuildFile; fileRef = AB13E0E8245DE87C009C6263 /* TabBarViewController.swift */; };
		AB2E6BB12552F10700D2A0EF /* PhotoDetailsViewController.swift in Sources */ = {isa = PBXBuildFile; fileRef = AB2E6BB02552F10700D2A0EF /* PhotoDetailsViewController.swift */; };
		AB2E6BB42552F11100D2A0EF /* PhotoDetailsViewModel.swift in Sources */ = {isa = PBXBuildFile; fileRef = AB2E6BB32552F11100D2A0EF /* PhotoDetailsViewModel.swift */; };
		AB3D209B24557945001C5103 /* GardenViewModel.swift in Sources */ = {isa = PBXBuildFile; fileRef = AB3D209A24557945001C5103 /* GardenViewModel.swift */; };
		AB4B069F2455BBD20058174D /* AddPlantBarButtonItemView.swift in Sources */ = {isa = PBXBuildFile; fileRef = AB4B069E2455BBD20058174D /* AddPlantBarButtonItemView.swift */; };
		AB4B06A12455BBDF0058174D /* AddPlantBarButtonItemView.xib in Resources */ = {isa = PBXBuildFile; fileRef = AB4B06A02455BBDF0058174D /* AddPlantBarButtonItemView.xib */; };
		AB4B06A42455BEEF0058174D /* SortPlantsBarButtonItemView.xib in Resources */ = {isa = PBXBuildFile; fileRef = AB4B06A32455BEEF0058174D /* SortPlantsBarButtonItemView.xib */; };
		AB4B06A62455BEF80058174D /* SortPlantsBarButtonItemView.swift in Sources */ = {isa = PBXBuildFile; fileRef = AB4B06A52455BEF80058174D /* SortPlantsBarButtonItemView.swift */; };
		AB536ECB2455CF0A00B942B9 /* UIImageExtensions.swift in Sources */ = {isa = PBXBuildFile; fileRef = AB536ECA2455CF0A00B942B9 /* UIImageExtensions.swift */; };
		AB536ECE2456C9E100B942B9 /* PlantDetailsViewController.swift in Sources */ = {isa = PBXBuildFile; fileRef = AB536ECD2456C9E100B942B9 /* PlantDetailsViewController.swift */; };
		AB536ED02456C9EB00B942B9 /* PlantDetailsViewModel.swift in Sources */ = {isa = PBXBuildFile; fileRef = AB536ECF2456C9EB00B942B9 /* PlantDetailsViewModel.swift */; };
		AB5DB8F42455823600F751D4 /* PlantDetailsCollectionViewCell.swift in Sources */ = {isa = PBXBuildFile; fileRef = AB5DB8F32455823600F751D4 /* PlantDetailsCollectionViewCell.swift */; };
		AB5DB8F72455B2DB00F751D4 /* PlantDetailsCollectionViewCellViewModel.swift in Sources */ = {isa = PBXBuildFile; fileRef = AB5DB8F62455B2DB00F751D4 /* PlantDetailsCollectionViewCellViewModel.swift */; };
		AB63DD2524544AFE00EEAE2F /* GardenViewController.swift in Sources */ = {isa = PBXBuildFile; fileRef = AB63DD2424544AFE00EEAE2F /* GardenViewController.swift */; };
		AB63DD2B24544DA500EEAE2F /* SegueHandler.swift in Sources */ = {isa = PBXBuildFile; fileRef = AB63DD2A24544DA500EEAE2F /* SegueHandler.swift */; };
		AB63DD2D24544ECF00EEAE2F /* AddPlantViewController.swift in Sources */ = {isa = PBXBuildFile; fileRef = AB63DD2C24544ECF00EEAE2F /* AddPlantViewController.swift */; };
		AB63DD2F24545C7E00EEAE2F /* UIColorExtensions.swift in Sources */ = {isa = PBXBuildFile; fileRef = AB63DD2E24545C7E00EEAE2F /* UIColorExtensions.swift */; };
		AB63DD32245463AB00EEAE2F /* AddPlantViewModel.swift in Sources */ = {isa = PBXBuildFile; fileRef = AB63DD31245463AB00EEAE2F /* AddPlantViewModel.swift */; };
		AB63DD34245467D500EEAE2F /* MediaPicker.swift in Sources */ = {isa = PBXBuildFile; fileRef = AB63DD33245467D500EEAE2F /* MediaPicker.swift */; };
		AB6C2C5A245AA4460032233F /* PhotoGalleryViewController.swift in Sources */ = {isa = PBXBuildFile; fileRef = AB6C2C59245AA4460032233F /* PhotoGalleryViewController.swift */; };
		AB6C2C5C245AA44F0032233F /* PhotoGalleryViewModel.swift in Sources */ = {isa = PBXBuildFile; fileRef = AB6C2C5B245AA44F0032233F /* PhotoGalleryViewModel.swift */; };
		AB6C2C5F245AA69B0032233F /* PlantPhotoGalleryCell.swift in Sources */ = {isa = PBXBuildFile; fileRef = AB6C2C5E245AA69B0032233F /* PlantPhotoGalleryCell.swift */; };
		AB6C2C61245AA6AF0032233F /* PlantPhotoGalleryCellViewModel.swift in Sources */ = {isa = PBXBuildFile; fileRef = AB6C2C60245AA6AF0032233F /* PlantPhotoGalleryCellViewModel.swift */; };
		AB6C2C63245AAB300032233F /* PlantPhoto.swift in Sources */ = {isa = PBXBuildFile; fileRef = AB6C2C62245AAB300032233F /* PlantPhoto.swift */; };
		AB748C0C2454B9B60049966B /* AlertPresenter.swift in Sources */ = {isa = PBXBuildFile; fileRef = AB748C0B2454B9B60049966B /* AlertPresenter.swift */; };
		AB748C0E2454BA740049966B /* GeneralError.swift in Sources */ = {isa = PBXBuildFile; fileRef = AB748C0D2454BA740049966B /* GeneralError.swift */; };
		AB748C122454C21E0049966B /* UIViewExtensions.swift in Sources */ = {isa = PBXBuildFile; fileRef = AB748C112454C21E0049966B /* UIViewExtensions.swift */; };
		AB7EDC52245328FD006BFEE6 /* Colors.xcassets in Resources */ = {isa = PBXBuildFile; fileRef = AB7EDC51245328FD006BFEE6 /* Colors.xcassets */; };
		AB90177E245869F00031369C /* SettingsViewController.swift in Sources */ = {isa = PBXBuildFile; fileRef = AB90177D245869F00031369C /* SettingsViewController.swift */; };
		AB901780245870100031369C /* SettingsViewModel.swift in Sources */ = {isa = PBXBuildFile; fileRef = AB90177F245870100031369C /* SettingsViewModel.swift */; };
		AB9017842458723E0031369C /* UserDefaultsExtensions.swift in Sources */ = {isa = PBXBuildFile; fileRef = AB9017832458723E0031369C /* UserDefaultsExtensions.swift */; };
		AB901786245872E90031369C /* DateExtensions.swift in Sources */ = {isa = PBXBuildFile; fileRef = AB901785245872E90031369C /* DateExtensions.swift */; };
		AB901788245947BC0031369C /* PushNotificationService.swift in Sources */ = {isa = PBXBuildFile; fileRef = AB901787245947BC0031369C /* PushNotificationService.swift */; };
		ABA8119224531D98006369C1 /* BaseViewController.swift in Sources */ = {isa = PBXBuildFile; fileRef = ABA8119124531D98006369C1 /* BaseViewController.swift */; };
		ABB8C94A2454A88000A7DEBA /* CustomTextField.swift in Sources */ = {isa = PBXBuildFile; fileRef = ABB8C9492454A88000A7DEBA /* CustomTextField.swift */; };
		ABB8C94C2454AC1900A7DEBA /* Plant.swift in Sources */ = {isa = PBXBuildFile; fileRef = ABB8C94B2454AC1900A7DEBA /* Plant.swift */; };
		ABBF7741245573EC0075133D /* BaseViewModel.swift in Sources */ = {isa = PBXBuildFile; fileRef = ABBF7740245573EC0075133D /* BaseViewModel.swift */; };
		ABBF77432455740C0075133D /* EventTransmitter.swift in Sources */ = {isa = PBXBuildFile; fileRef = ABBF77422455740C0075133D /* EventTransmitter.swift */; };
		ABE8CA0624531551001849FD /* AppDelegate.swift in Sources */ = {isa = PBXBuildFile; fileRef = ABE8CA0524531551001849FD /* AppDelegate.swift */; };
		ABE8CA0A24531551001849FD /* LoadingViewController.swift in Sources */ = {isa = PBXBuildFile; fileRef = ABE8CA0924531551001849FD /* LoadingViewController.swift */; };
		ABE8CA0D24531551001849FD /* Main.storyboard in Resources */ = {isa = PBXBuildFile; fileRef = ABE8CA0B24531551001849FD /* Main.storyboard */; };
		ABE8CA0F24531553001849FD /* Assets.xcassets in Resources */ = {isa = PBXBuildFile; fileRef = ABE8CA0E24531553001849FD /* Assets.xcassets */; };
		ABE8CA1224531553001849FD /* LaunchScreen.storyboard in Resources */ = {isa = PBXBuildFile; fileRef = ABE8CA1024531553001849FD /* LaunchScreen.storyboard */; };
/* End PBXBuildFile section */

/* Begin PBXFileReference section */
		0D215255879EAF1B3389B11C /* Pods-Plantasia.release.xcconfig */ = {isa = PBXFileReference; includeInIndex = 1; lastKnownFileType = text.xcconfig; name = "Pods-Plantasia.release.xcconfig"; path = "Target Support Files/Pods-Plantasia/Pods-Plantasia.release.xcconfig"; sourceTree = "<group>"; };
		8624419AB94397A0F8D380B1 /* Pods-Plantasia.debug.xcconfig */ = {isa = PBXFileReference; includeInIndex = 1; lastKnownFileType = text.xcconfig; name = "Pods-Plantasia.debug.xcconfig"; path = "Target Support Files/Pods-Plantasia/Pods-Plantasia.debug.xcconfig"; sourceTree = "<group>"; };
		AB13E0E8245DE87C009C6263 /* TabBarViewController.swift */ = {isa = PBXFileReference; lastKnownFileType = sourcecode.swift; path = TabBarViewController.swift; sourceTree = "<group>"; };
		AB2E6BB02552F10700D2A0EF /* PhotoDetailsViewController.swift */ = {isa = PBXFileReference; lastKnownFileType = sourcecode.swift; path = PhotoDetailsViewController.swift; sourceTree = "<group>"; };
		AB2E6BB32552F11100D2A0EF /* PhotoDetailsViewModel.swift */ = {isa = PBXFileReference; lastKnownFileType = sourcecode.swift; path = PhotoDetailsViewModel.swift; sourceTree = "<group>"; };
		AB3D209A24557945001C5103 /* GardenViewModel.swift */ = {isa = PBXFileReference; lastKnownFileType = sourcecode.swift; path = GardenViewModel.swift; sourceTree = "<group>"; };
		AB4B069E2455BBD20058174D /* AddPlantBarButtonItemView.swift */ = {isa = PBXFileReference; lastKnownFileType = sourcecode.swift; path = AddPlantBarButtonItemView.swift; sourceTree = "<group>"; };
		AB4B06A02455BBDF0058174D /* AddPlantBarButtonItemView.xib */ = {isa = PBXFileReference; lastKnownFileType = file.xib; path = AddPlantBarButtonItemView.xib; sourceTree = "<group>"; };
		AB4B06A32455BEEF0058174D /* SortPlantsBarButtonItemView.xib */ = {isa = PBXFileReference; lastKnownFileType = file.xib; path = SortPlantsBarButtonItemView.xib; sourceTree = "<group>"; };
		AB4B06A52455BEF80058174D /* SortPlantsBarButtonItemView.swift */ = {isa = PBXFileReference; lastKnownFileType = sourcecode.swift; path = SortPlantsBarButtonItemView.swift; sourceTree = "<group>"; };
		AB536ECA2455CF0A00B942B9 /* UIImageExtensions.swift */ = {isa = PBXFileReference; lastKnownFileType = sourcecode.swift; path = UIImageExtensions.swift; sourceTree = "<group>"; };
		AB536ECD2456C9E100B942B9 /* PlantDetailsViewController.swift */ = {isa = PBXFileReference; lastKnownFileType = sourcecode.swift; path = PlantDetailsViewController.swift; sourceTree = "<group>"; };
		AB536ECF2456C9EB00B942B9 /* PlantDetailsViewModel.swift */ = {isa = PBXFileReference; lastKnownFileType = sourcecode.swift; path = PlantDetailsViewModel.swift; sourceTree = "<group>"; };
		AB5DB8F32455823600F751D4 /* PlantDetailsCollectionViewCell.swift */ = {isa = PBXFileReference; lastKnownFileType = sourcecode.swift; path = PlantDetailsCollectionViewCell.swift; sourceTree = "<group>"; };
		AB5DB8F62455B2DB00F751D4 /* PlantDetailsCollectionViewCellViewModel.swift */ = {isa = PBXFileReference; lastKnownFileType = sourcecode.swift; path = PlantDetailsCollectionViewCellViewModel.swift; sourceTree = "<group>"; };
		AB63DD2424544AFE00EEAE2F /* GardenViewController.swift */ = {isa = PBXFileReference; lastKnownFileType = sourcecode.swift; path = GardenViewController.swift; sourceTree = "<group>"; };
		AB63DD2A24544DA500EEAE2F /* SegueHandler.swift */ = {isa = PBXFileReference; lastKnownFileType = sourcecode.swift; path = SegueHandler.swift; sourceTree = "<group>"; };
		AB63DD2C24544ECF00EEAE2F /* AddPlantViewController.swift */ = {isa = PBXFileReference; lastKnownFileType = sourcecode.swift; path = AddPlantViewController.swift; sourceTree = "<group>"; };
		AB63DD2E24545C7E00EEAE2F /* UIColorExtensions.swift */ = {isa = PBXFileReference; lastKnownFileType = sourcecode.swift; path = UIColorExtensions.swift; sourceTree = "<group>"; };
		AB63DD31245463AB00EEAE2F /* AddPlantViewModel.swift */ = {isa = PBXFileReference; lastKnownFileType = sourcecode.swift; path = AddPlantViewModel.swift; sourceTree = "<group>"; };
		AB63DD33245467D500EEAE2F /* MediaPicker.swift */ = {isa = PBXFileReference; lastKnownFileType = sourcecode.swift; path = MediaPicker.swift; sourceTree = "<group>"; };
		AB6C2C59245AA4460032233F /* PhotoGalleryViewController.swift */ = {isa = PBXFileReference; lastKnownFileType = sourcecode.swift; path = PhotoGalleryViewController.swift; sourceTree = "<group>"; };
		AB6C2C5B245AA44F0032233F /* PhotoGalleryViewModel.swift */ = {isa = PBXFileReference; lastKnownFileType = sourcecode.swift; path = PhotoGalleryViewModel.swift; sourceTree = "<group>"; };
		AB6C2C5E245AA69B0032233F /* PlantPhotoGalleryCell.swift */ = {isa = PBXFileReference; lastKnownFileType = sourcecode.swift; path = PlantPhotoGalleryCell.swift; sourceTree = "<group>"; };
		AB6C2C60245AA6AF0032233F /* PlantPhotoGalleryCellViewModel.swift */ = {isa = PBXFileReference; lastKnownFileType = sourcecode.swift; path = PlantPhotoGalleryCellViewModel.swift; sourceTree = "<group>"; };
		AB6C2C62245AAB300032233F /* PlantPhoto.swift */ = {isa = PBXFileReference; lastKnownFileType = sourcecode.swift; path = PlantPhoto.swift; sourceTree = "<group>"; };
		AB748C0B2454B9B60049966B /* AlertPresenter.swift */ = {isa = PBXFileReference; lastKnownFileType = sourcecode.swift; path = AlertPresenter.swift; sourceTree = "<group>"; };
		AB748C0D2454BA740049966B /* GeneralError.swift */ = {isa = PBXFileReference; lastKnownFileType = sourcecode.swift; path = GeneralError.swift; sourceTree = "<group>"; };
		AB748C112454C21E0049966B /* UIViewExtensions.swift */ = {isa = PBXFileReference; lastKnownFileType = sourcecode.swift; path = UIViewExtensions.swift; sourceTree = "<group>"; };
		AB7EDC51245328FD006BFEE6 /* Colors.xcassets */ = {isa = PBXFileReference; lastKnownFileType = folder.assetcatalog; path = Colors.xcassets; sourceTree = "<group>"; };
		AB90177D245869F00031369C /* SettingsViewController.swift */ = {isa = PBXFileReference; lastKnownFileType = sourcecode.swift; path = SettingsViewController.swift; sourceTree = "<group>"; };
		AB90177F245870100031369C /* SettingsViewModel.swift */ = {isa = PBXFileReference; lastKnownFileType = sourcecode.swift; path = SettingsViewModel.swift; sourceTree = "<group>"; };
		AB9017832458723E0031369C /* UserDefaultsExtensions.swift */ = {isa = PBXFileReference; lastKnownFileType = sourcecode.swift; path = UserDefaultsExtensions.swift; sourceTree = "<group>"; };
		AB901785245872E90031369C /* DateExtensions.swift */ = {isa = PBXFileReference; lastKnownFileType = sourcecode.swift; path = DateExtensions.swift; sourceTree = "<group>"; };
		AB901787245947BC0031369C /* PushNotificationService.swift */ = {isa = PBXFileReference; lastKnownFileType = sourcecode.swift; path = PushNotificationService.swift; sourceTree = "<group>"; };
		ABA8119124531D98006369C1 /* BaseViewController.swift */ = {isa = PBXFileReference; lastKnownFileType = sourcecode.swift; path = BaseViewController.swift; sourceTree = "<group>"; };
		ABB8C9492454A88000A7DEBA /* CustomTextField.swift */ = {isa = PBXFileReference; lastKnownFileType = sourcecode.swift; path = CustomTextField.swift; sourceTree = "<group>"; };
		ABB8C94B2454AC1900A7DEBA /* Plant.swift */ = {isa = PBXFileReference; lastKnownFileType = sourcecode.swift; path = Plant.swift; sourceTree = "<group>"; };
		ABBF7740245573EC0075133D /* BaseViewModel.swift */ = {isa = PBXFileReference; lastKnownFileType = sourcecode.swift; path = BaseViewModel.swift; sourceTree = "<group>"; };
		ABBF77422455740C0075133D /* EventTransmitter.swift */ = {isa = PBXFileReference; lastKnownFileType = sourcecode.swift; path = EventTransmitter.swift; sourceTree = "<group>"; };
		ABE8CA0224531551001849FD /* Plantasia.app */ = {isa = PBXFileReference; explicitFileType = wrapper.application; includeInIndex = 0; path = Plantasia.app; sourceTree = BUILT_PRODUCTS_DIR; };
		ABE8CA0524531551001849FD /* AppDelegate.swift */ = {isa = PBXFileReference; lastKnownFileType = sourcecode.swift; path = AppDelegate.swift; sourceTree = "<group>"; };
		ABE8CA0924531551001849FD /* LoadingViewController.swift */ = {isa = PBXFileReference; lastKnownFileType = sourcecode.swift; path = LoadingViewController.swift; sourceTree = "<group>"; };
		ABE8CA0C24531551001849FD /* Base */ = {isa = PBXFileReference; lastKnownFileType = file.storyboard; name = Base; path = Base.lproj/Main.storyboard; sourceTree = "<group>"; };
		ABE8CA0E24531553001849FD /* Assets.xcassets */ = {isa = PBXFileReference; lastKnownFileType = folder.assetcatalog; path = Assets.xcassets; sourceTree = "<group>"; };
		ABE8CA1124531553001849FD /* Base */ = {isa = PBXFileReference; lastKnownFileType = file.storyboard; name = Base; path = Base.lproj/LaunchScreen.storyboard; sourceTree = "<group>"; };
		ABE8CA1324531553001849FD /* Info.plist */ = {isa = PBXFileReference; lastKnownFileType = text.plist.xml; path = Info.plist; sourceTree = "<group>"; };
		D635DDCA7B7EFB17AA09CB08 /* Pods_Plantasia.framework */ = {isa = PBXFileReference; explicitFileType = wrapper.framework; includeInIndex = 0; path = Pods_Plantasia.framework; sourceTree = BUILT_PRODUCTS_DIR; };
/* End PBXFileReference section */

/* Begin PBXFrameworksBuildPhase section */
		ABE8C9FF24531551001849FD /* Frameworks */ = {
			isa = PBXFrameworksBuildPhase;
			buildActionMask = 2147483647;
			files = (
				53EF422950E07B0B8837D959 /* Pods_Plantasia.framework in Frameworks */,
			);
			runOnlyForDeploymentPostprocessing = 0;
		};
/* End PBXFrameworksBuildPhase section */

/* Begin PBXGroup section */
		A67524212CC16FA52AF4731F /* Pods */ = {
			isa = PBXGroup;
			children = (
				8624419AB94397A0F8D380B1 /* Pods-Plantasia.debug.xcconfig */,
				0D215255879EAF1B3389B11C /* Pods-Plantasia.release.xcconfig */,
			);
			path = Pods;
			sourceTree = "<group>";
		};
		AB2E6BAF2552F0F400D2A0EF /* PhotoDetails */ = {
			isa = PBXGroup;
			children = (
				AB2E6BB02552F10700D2A0EF /* PhotoDetailsViewController.swift */,
				AB2E6BB32552F11100D2A0EF /* PhotoDetailsViewModel.swift */,
			);
			path = PhotoDetails;
			sourceTree = "<group>";
		};
		AB3D209C24557AA5001C5103 /* Loading */ = {
			isa = PBXGroup;
			children = (
				ABE8CA0924531551001849FD /* LoadingViewController.swift */,
			);
			path = Loading;
			sourceTree = "<group>";
		};
		AB4B069D2455BB970058174D /* AddPlantBarButtonItem */ = {
			isa = PBXGroup;
			children = (
				AB4B06A02455BBDF0058174D /* AddPlantBarButtonItemView.xib */,
				AB4B069E2455BBD20058174D /* AddPlantBarButtonItemView.swift */,
			);
			path = AddPlantBarButtonItem;
			sourceTree = "<group>";
		};
		AB4B06A22455BEDD0058174D /* SortPlantsBarButtonItem */ = {
			isa = PBXGroup;
			children = (
				AB4B06A32455BEEF0058174D /* SortPlantsBarButtonItemView.xib */,
				AB4B06A52455BEF80058174D /* SortPlantsBarButtonItemView.swift */,
			);
			path = SortPlantsBarButtonItem;
			sourceTree = "<group>";
		};
		AB536ECC2456C9D100B942B9 /* PlantDetails */ = {
			isa = PBXGroup;
			children = (
				AB536ECD2456C9E100B942B9 /* PlantDetailsViewController.swift */,
				AB536ECF2456C9EB00B942B9 /* PlantDetailsViewModel.swift */,
			);
			path = PlantDetails;
			sourceTree = "<group>";
		};
		AB5DB8F52455B2C800F751D4 /* PlantDetailsCell */ = {
			isa = PBXGroup;
			children = (
				AB5DB8F32455823600F751D4 /* PlantDetailsCollectionViewCell.swift */,
				AB5DB8F62455B2DB00F751D4 /* PlantDetailsCollectionViewCellViewModel.swift */,
			);
			path = PlantDetailsCell;
			sourceTree = "<group>";
		};
		AB63DD2924544D9000EEAE2F /* Extensions */ = {
			isa = PBXGroup;
			children = (
				AB901785245872E90031369C /* DateExtensions.swift */,
				AB63DD2E24545C7E00EEAE2F /* UIColorExtensions.swift */,
				AB536ECA2455CF0A00B942B9 /* UIImageExtensions.swift */,
				AB748C112454C21E0049966B /* UIViewExtensions.swift */,
				AB9017832458723E0031369C /* UserDefaultsExtensions.swift */,
			);
			path = Extensions;
			sourceTree = "<group>";
		};
		AB63DD302454639700EEAE2F /* AddPlant */ = {
			isa = PBXGroup;
			children = (
				AB63DD2C24544ECF00EEAE2F /* AddPlantViewController.swift */,
				AB63DD31245463AB00EEAE2F /* AddPlantViewModel.swift */,
			);
			path = AddPlant;
			sourceTree = "<group>";
		};
		AB6C2C58245AA42D0032233F /* PhotoGallery */ = {
			isa = PBXGroup;
			children = (
				AB6C2C5D245AA6810032233F /* PlantPhotoGalleryCell */,
				AB6C2C59245AA4460032233F /* PhotoGalleryViewController.swift */,
				AB6C2C5B245AA44F0032233F /* PhotoGalleryViewModel.swift */,
			);
			path = PhotoGallery;
			sourceTree = "<group>";
		};
		AB6C2C5D245AA6810032233F /* PlantPhotoGalleryCell */ = {
			isa = PBXGroup;
			children = (
				AB6C2C5E245AA69B0032233F /* PlantPhotoGalleryCell.swift */,
				AB6C2C60245AA6AF0032233F /* PlantPhotoGalleryCellViewModel.swift */,
			);
			path = PlantPhotoGalleryCell;
			sourceTree = "<group>";
		};
		AB90177C245869DE0031369C /* Settings */ = {
			isa = PBXGroup;
			children = (
				AB90177D245869F00031369C /* SettingsViewController.swift */,
				AB90177F245870100031369C /* SettingsViewModel.swift */,
			);
			path = Settings;
			sourceTree = "<group>";
		};
		ABBF773F2455726E0075133D /* Garden */ = {
			isa = PBXGroup;
			children = (
				AB4B06A22455BEDD0058174D /* SortPlantsBarButtonItem */,
				AB4B069D2455BB970058174D /* AddPlantBarButtonItem */,
				AB5DB8F52455B2C800F751D4 /* PlantDetailsCell */,
				AB63DD2424544AFE00EEAE2F /* GardenViewController.swift */,
				AB3D209A24557945001C5103 /* GardenViewModel.swift */,
			);
			path = Garden;
			sourceTree = "<group>";
		};
		ABE8C9F924531551001849FD = {
			isa = PBXGroup;
			children = (
				ABE8CA0424531551001849FD /* Plantasia */,
				ABE8CA0324531551001849FD /* Products */,
				A67524212CC16FA52AF4731F /* Pods */,
				EE605B6E8F03911EFBB7896C /* Frameworks */,
			);
			sourceTree = "<group>";
		};
		ABE8CA0324531551001849FD /* Products */ = {
			isa = PBXGroup;
			children = (
				ABE8CA0224531551001849FD /* Plantasia.app */,
			);
			name = Products;
			sourceTree = "<group>";
		};
		ABE8CA0424531551001849FD /* Plantasia */ = {
			isa = PBXGroup;
			children = (
				ABE8CA1A245315BD001849FD /* Models */,
				ABE8CA1B2453164F001849FD /* Screens */,
				ABE8CA1C24531657001849FD /* Resources */,
				ABE8CA1D24531660001849FD /* Utils */,
			);
			path = Plantasia;
			sourceTree = "<group>";
		};
		ABE8CA1A245315BD001849FD /* Models */ = {
			isa = PBXGroup;
			children = (
				ABB8C94B2454AC1900A7DEBA /* Plant.swift */,
				AB6C2C62245AAB300032233F /* PlantPhoto.swift */,
			);
			path = Models;
			sourceTree = "<group>";
		};
		ABE8CA1B2453164F001849FD /* Screens */ = {
			isa = PBXGroup;
			children = (
				ABE8CA1024531553001849FD /* LaunchScreen.storyboard */,
				ABE8CA0B24531551001849FD /* Main.storyboard */,
				AB3D209C24557AA5001C5103 /* Loading */,
				ABBF773F2455726E0075133D /* Garden */,
				AB63DD302454639700EEAE2F /* AddPlant */,
				AB536ECC2456C9D100B942B9 /* PlantDetails */,
				AB6C2C58245AA42D0032233F /* PhotoGallery */,
				AB2E6BAF2552F0F400D2A0EF /* PhotoDetails */,
				AB90177C245869DE0031369C /* Settings */,
				AB13E0E8245DE87C009C6263 /* TabBarViewController.swift */,
			);
			path = Screens;
			sourceTree = "<group>";
		};
		ABE8CA1C24531657001849FD /* Resources */ = {
			isa = PBXGroup;
			children = (
				ABE8CA0524531551001849FD /* AppDelegate.swift */,
				ABE8CA1324531553001849FD /* Info.plist */,
				ABE8CA0E24531553001849FD /* Assets.xcassets */,
				AB7EDC51245328FD006BFEE6 /* Colors.xcassets */,
			);
			path = Resources;
			sourceTree = "<group>";
		};
		ABE8CA1D24531660001849FD /* Utils */ = {
			isa = PBXGroup;
			children = (
				AB63DD2924544D9000EEAE2F /* Extensions */,
				AB748C0B2454B9B60049966B /* AlertPresenter.swift */,
				ABA8119124531D98006369C1 /* BaseViewController.swift */,
				ABBF7740245573EC0075133D /* BaseViewModel.swift */,
				ABB8C9492454A88000A7DEBA /* CustomTextField.swift */,
				ABBF77422455740C0075133D /* EventTransmitter.swift */,
				AB748C0D2454BA740049966B /* GeneralError.swift */,
				AB63DD33245467D500EEAE2F /* MediaPicker.swift */,
				AB901787245947BC0031369C /* PushNotificationService.swift */,
				AB63DD2A24544DA500EEAE2F /* SegueHandler.swift */,
			);
			path = Utils;
			sourceTree = "<group>";
		};
		EE605B6E8F03911EFBB7896C /* Frameworks */ = {
			isa = PBXGroup;
			children = (
				D635DDCA7B7EFB17AA09CB08 /* Pods_Plantasia.framework */,
			);
			name = Frameworks;
			sourceTree = "<group>";
		};
/* End PBXGroup section */

/* Begin PBXNativeTarget section */
		ABE8CA0124531551001849FD /* Plantasia */ = {
			isa = PBXNativeTarget;
			buildConfigurationList = ABE8CA1624531553001849FD /* Build configuration list for PBXNativeTarget "Plantasia" */;
			buildPhases = (
				60DB233FD6F074F2FA68997B /* [CP] Check Pods Manifest.lock */,
				ABE8C9FE24531551001849FD /* Sources */,
				ABE8C9FF24531551001849FD /* Frameworks */,
				ABE8CA0024531551001849FD /* Resources */,
				AB3EB61224531B1800203203 /* Swiftlint Run Script */,
				49D395D75EB99824D898B8D0 /* [CP] Embed Pods Frameworks */,
			);
			buildRules = (
			);
			dependencies = (
			);
			name = Plantasia;
			productName = Plantasia;
			productReference = ABE8CA0224531551001849FD /* Plantasia.app */;
			productType = "com.apple.product-type.application";
		};
/* End PBXNativeTarget section */

/* Begin PBXProject section */
		ABE8C9FA24531551001849FD /* Project object */ = {
			isa = PBXProject;
			attributes = {
				LastSwiftUpdateCheck = 1140;
				LastUpgradeCheck = 1140;
				ORGANIZATIONNAME = "archlime solutions";
				TargetAttributes = {
					ABE8CA0124531551001849FD = {
						CreatedOnToolsVersion = 11.4;
					};
				};
			};
			buildConfigurationList = ABE8C9FD24531551001849FD /* Build configuration list for PBXProject "Plantasia" */;
			compatibilityVersion = "Xcode 9.3";
			developmentRegion = en;
			hasScannedForEncodings = 0;
			knownRegions = (
				en,
				Base,
			);
			mainGroup = ABE8C9F924531551001849FD;
			productRefGroup = ABE8CA0324531551001849FD /* Products */;
			projectDirPath = "";
			projectRoot = "";
			targets = (
				ABE8CA0124531551001849FD /* Plantasia */,
			);
		};
/* End PBXProject section */

/* Begin PBXResourcesBuildPhase section */
		ABE8CA0024531551001849FD /* Resources */ = {
			isa = PBXResourcesBuildPhase;
			buildActionMask = 2147483647;
			files = (
				ABE8CA1224531553001849FD /* LaunchScreen.storyboard in Resources */,
				AB4B06A42455BEEF0058174D /* SortPlantsBarButtonItemView.xib in Resources */,
				AB7EDC52245328FD006BFEE6 /* Colors.xcassets in Resources */,
				AB4B06A12455BBDF0058174D /* AddPlantBarButtonItemView.xib in Resources */,
				ABE8CA0F24531553001849FD /* Assets.xcassets in Resources */,
				ABE8CA0D24531551001849FD /* Main.storyboard in Resources */,
			);
			runOnlyForDeploymentPostprocessing = 0;
		};
/* End PBXResourcesBuildPhase section */

/* Begin PBXShellScriptBuildPhase section */
		49D395D75EB99824D898B8D0 /* [CP] Embed Pods Frameworks */ = {
			isa = PBXShellScriptBuildPhase;
			buildActionMask = 2147483647;
			files = (
			);
			inputFileListPaths = (
				"${PODS_ROOT}/Target Support Files/Pods-Plantasia/Pods-Plantasia-frameworks-${CONFIGURATION}-input-files.xcfilelist",
			);
			name = "[CP] Embed Pods Frameworks";
			outputFileListPaths = (
				"${PODS_ROOT}/Target Support Files/Pods-Plantasia/Pods-Plantasia-frameworks-${CONFIGURATION}-output-files.xcfilelist",
			);
			runOnlyForDeploymentPostprocessing = 0;
			shellPath = /bin/sh;
			shellScript = "\"${PODS_ROOT}/Target Support Files/Pods-Plantasia/Pods-Plantasia-frameworks.sh\"\n";
			showEnvVarsInLog = 0;
		};
		60DB233FD6F074F2FA68997B /* [CP] Check Pods Manifest.lock */ = {
			isa = PBXShellScriptBuildPhase;
			buildActionMask = 2147483647;
			files = (
			);
			inputFileListPaths = (
			);
			inputPaths = (
				"${PODS_PODFILE_DIR_PATH}/Podfile.lock",
				"${PODS_ROOT}/Manifest.lock",
			);
			name = "[CP] Check Pods Manifest.lock";
			outputFileListPaths = (
			);
			outputPaths = (
				"$(DERIVED_FILE_DIR)/Pods-Plantasia-checkManifestLockResult.txt",
			);
			runOnlyForDeploymentPostprocessing = 0;
			shellPath = /bin/sh;
			shellScript = "diff \"${PODS_PODFILE_DIR_PATH}/Podfile.lock\" \"${PODS_ROOT}/Manifest.lock\" > /dev/null\nif [ $? != 0 ] ; then\n    # print error to STDERR\n    echo \"error: The sandbox is not in sync with the Podfile.lock. Run 'pod install' or update your CocoaPods installation.\" >&2\n    exit 1\nfi\n# This output is used by Xcode 'outputs' to avoid re-running this script phase.\necho \"SUCCESS\" > \"${SCRIPT_OUTPUT_FILE_0}\"\n";
			showEnvVarsInLog = 0;
		};
		AB3EB61224531B1800203203 /* Swiftlint Run Script */ = {
			isa = PBXShellScriptBuildPhase;
			buildActionMask = 2147483647;
			files = (
			);
			inputFileListPaths = (
			);
			inputPaths = (
			);
			name = "Swiftlint Run Script";
			outputFileListPaths = (
			);
			outputPaths = (
			);
			runOnlyForDeploymentPostprocessing = 0;
			shellPath = /bin/sh;
			shellScript = "if which swiftlint >/dev/null; then\n  swiftlint\nelse\n  echo \"warning: SwiftLint not installed, download from https://github.com/realm/SwiftLint\"\nfi\n";
		};
/* End PBXShellScriptBuildPhase section */

/* Begin PBXSourcesBuildPhase section */
		ABE8C9FE24531551001849FD /* Sources */ = {
			isa = PBXSourcesBuildPhase;
			buildActionMask = 2147483647;
			files = (
				AB901788245947BC0031369C /* PushNotificationService.swift in Sources */,
				ABBF77432455740C0075133D /* EventTransmitter.swift in Sources */,
				AB63DD32245463AB00EEAE2F /* AddPlantViewModel.swift in Sources */,
				ABB8C94C2454AC1900A7DEBA /* Plant.swift in Sources */,
				AB536ECB2455CF0A00B942B9 /* UIImageExtensions.swift in Sources */,
				AB4B069F2455BBD20058174D /* AddPlantBarButtonItemView.swift in Sources */,
				AB536ED02456C9EB00B942B9 /* PlantDetailsViewModel.swift in Sources */,
				AB6C2C63245AAB300032233F /* PlantPhoto.swift in Sources */,
				ABBF7741245573EC0075133D /* BaseViewModel.swift in Sources */,
				ABB8C94A2454A88000A7DEBA /* CustomTextField.swift in Sources */,
				AB63DD2B24544DA500EEAE2F /* SegueHandler.swift in Sources */,
				AB9017842458723E0031369C /* UserDefaultsExtensions.swift in Sources */,
				AB901786245872E90031369C /* DateExtensions.swift in Sources */,
				AB63DD34245467D500EEAE2F /* MediaPicker.swift in Sources */,
				AB4B06A62455BEF80058174D /* SortPlantsBarButtonItemView.swift in Sources */,
				AB6C2C61245AA6AF0032233F /* PlantPhotoGalleryCellViewModel.swift in Sources */,
				AB2E6BB42552F11100D2A0EF /* PhotoDetailsViewModel.swift in Sources */,
				AB748C0E2454BA740049966B /* GeneralError.swift in Sources */,
				AB3D209B24557945001C5103 /* GardenViewModel.swift in Sources */,
				AB13E0E9245DE87C009C6263 /* TabBarViewController.swift in Sources */,
				AB63DD2524544AFE00EEAE2F /* GardenViewController.swift in Sources */,
				AB63DD2D24544ECF00EEAE2F /* AddPlantViewController.swift in Sources */,
				AB536ECE2456C9E100B942B9 /* PlantDetailsViewController.swift in Sources */,
				AB5DB8F72455B2DB00F751D4 /* PlantDetailsCollectionViewCellViewModel.swift in Sources */,
				AB748C0C2454B9B60049966B /* AlertPresenter.swift in Sources */,
				AB748C122454C21E0049966B /* UIViewExtensions.swift in Sources */,
				AB6C2C5A245AA4460032233F /* PhotoGalleryViewController.swift in Sources */,
				ABE8CA0A24531551001849FD /* LoadingViewController.swift in Sources */,
				AB5DB8F42455823600F751D4 /* PlantDetailsCollectionViewCell.swift in Sources */,
				ABA8119224531D98006369C1 /* BaseViewController.swift in Sources */,
				ABE8CA0624531551001849FD /* AppDelegate.swift in Sources */,
				AB6C2C5C245AA44F0032233F /* PhotoGalleryViewModel.swift in Sources */,
				AB63DD2F24545C7E00EEAE2F /* UIColorExtensions.swift in Sources */,
				AB2E6BB12552F10700D2A0EF /* PhotoDetailsViewController.swift in Sources */,
				AB6C2C5F245AA69B0032233F /* PlantPhotoGalleryCell.swift in Sources */,
				AB90177E245869F00031369C /* SettingsViewController.swift in Sources */,
				AB901780245870100031369C /* SettingsViewModel.swift in Sources */,
			);
			runOnlyForDeploymentPostprocessing = 0;
		};
/* End PBXSourcesBuildPhase section */

/* Begin PBXVariantGroup section */
		ABE8CA0B24531551001849FD /* Main.storyboard */ = {
			isa = PBXVariantGroup;
			children = (
				ABE8CA0C24531551001849FD /* Base */,
			);
			name = Main.storyboard;
			sourceTree = "<group>";
		};
		ABE8CA1024531553001849FD /* LaunchScreen.storyboard */ = {
			isa = PBXVariantGroup;
			children = (
				ABE8CA1124531553001849FD /* Base */,
			);
			name = LaunchScreen.storyboard;
			sourceTree = "<group>";
		};
/* End PBXVariantGroup section */

/* Begin XCBuildConfiguration section */
		ABE8CA1424531553001849FD /* Debug */ = {
			isa = XCBuildConfiguration;
			buildSettings = {
				ALWAYS_SEARCH_USER_PATHS = NO;
				CLANG_ANALYZER_NONNULL = YES;
				CLANG_ANALYZER_NUMBER_OBJECT_CONVERSION = YES_AGGRESSIVE;
				CLANG_CXX_LANGUAGE_STANDARD = "gnu++14";
				CLANG_CXX_LIBRARY = "libc++";
				CLANG_ENABLE_MODULES = YES;
				CLANG_ENABLE_OBJC_ARC = YES;
				CLANG_ENABLE_OBJC_WEAK = YES;
				CLANG_WARN_BLOCK_CAPTURE_AUTORELEASING = YES;
				CLANG_WARN_BOOL_CONVERSION = YES;
				CLANG_WARN_COMMA = YES;
				CLANG_WARN_CONSTANT_CONVERSION = YES;
				CLANG_WARN_DEPRECATED_OBJC_IMPLEMENTATIONS = YES;
				CLANG_WARN_DIRECT_OBJC_ISA_USAGE = YES_ERROR;
				CLANG_WARN_DOCUMENTATION_COMMENTS = YES;
				CLANG_WARN_EMPTY_BODY = YES;
				CLANG_WARN_ENUM_CONVERSION = YES;
				CLANG_WARN_INFINITE_RECURSION = YES;
				CLANG_WARN_INT_CONVERSION = YES;
				CLANG_WARN_NON_LITERAL_NULL_CONVERSION = YES;
				CLANG_WARN_OBJC_IMPLICIT_RETAIN_SELF = YES;
				CLANG_WARN_OBJC_LITERAL_CONVERSION = YES;
				CLANG_WARN_OBJC_ROOT_CLASS = YES_ERROR;
				CLANG_WARN_RANGE_LOOP_ANALYSIS = YES;
				CLANG_WARN_STRICT_PROTOTYPES = YES;
				CLANG_WARN_SUSPICIOUS_MOVE = YES;
				CLANG_WARN_UNGUARDED_AVAILABILITY = YES_AGGRESSIVE;
				CLANG_WARN_UNREACHABLE_CODE = YES;
				CLANG_WARN__DUPLICATE_METHOD_MATCH = YES;
				COPY_PHASE_STRIP = NO;
				DEBUG_INFORMATION_FORMAT = dwarf;
				ENABLE_STRICT_OBJC_MSGSEND = YES;
				ENABLE_TESTABILITY = YES;
				GCC_C_LANGUAGE_STANDARD = gnu11;
				GCC_DYNAMIC_NO_PIC = NO;
				GCC_NO_COMMON_BLOCKS = YES;
				GCC_OPTIMIZATION_LEVEL = 0;
				GCC_PREPROCESSOR_DEFINITIONS = (
					"DEBUG=1",
					"$(inherited)",
				);
				GCC_WARN_64_TO_32_BIT_CONVERSION = YES;
				GCC_WARN_ABOUT_RETURN_TYPE = YES_ERROR;
				GCC_WARN_UNDECLARED_SELECTOR = YES;
				GCC_WARN_UNINITIALIZED_AUTOS = YES_AGGRESSIVE;
				GCC_WARN_UNUSED_FUNCTION = YES;
				GCC_WARN_UNUSED_VARIABLE = YES;
				IPHONEOS_DEPLOYMENT_TARGET = 11.0;
				MTL_ENABLE_DEBUG_INFO = INCLUDE_SOURCE;
				MTL_FAST_MATH = YES;
				ONLY_ACTIVE_ARCH = YES;
				SDKROOT = iphoneos;
				SWIFT_ACTIVE_COMPILATION_CONDITIONS = DEBUG;
				SWIFT_OPTIMIZATION_LEVEL = "-Onone";
			};
			name = Debug;
		};
		ABE8CA1524531553001849FD /* Release */ = {
			isa = XCBuildConfiguration;
			buildSettings = {
				ALWAYS_SEARCH_USER_PATHS = NO;
				CLANG_ANALYZER_NONNULL = YES;
				CLANG_ANALYZER_NUMBER_OBJECT_CONVERSION = YES_AGGRESSIVE;
				CLANG_CXX_LANGUAGE_STANDARD = "gnu++14";
				CLANG_CXX_LIBRARY = "libc++";
				CLANG_ENABLE_MODULES = YES;
				CLANG_ENABLE_OBJC_ARC = YES;
				CLANG_ENABLE_OBJC_WEAK = YES;
				CLANG_WARN_BLOCK_CAPTURE_AUTORELEASING = YES;
				CLANG_WARN_BOOL_CONVERSION = YES;
				CLANG_WARN_COMMA = YES;
				CLANG_WARN_CONSTANT_CONVERSION = YES;
				CLANG_WARN_DEPRECATED_OBJC_IMPLEMENTATIONS = YES;
				CLANG_WARN_DIRECT_OBJC_ISA_USAGE = YES_ERROR;
				CLANG_WARN_DOCUMENTATION_COMMENTS = YES;
				CLANG_WARN_EMPTY_BODY = YES;
				CLANG_WARN_ENUM_CONVERSION = YES;
				CLANG_WARN_INFINITE_RECURSION = YES;
				CLANG_WARN_INT_CONVERSION = YES;
				CLANG_WARN_NON_LITERAL_NULL_CONVERSION = YES;
				CLANG_WARN_OBJC_IMPLICIT_RETAIN_SELF = YES;
				CLANG_WARN_OBJC_LITERAL_CONVERSION = YES;
				CLANG_WARN_OBJC_ROOT_CLASS = YES_ERROR;
				CLANG_WARN_RANGE_LOOP_ANALYSIS = YES;
				CLANG_WARN_STRICT_PROTOTYPES = YES;
				CLANG_WARN_SUSPICIOUS_MOVE = YES;
				CLANG_WARN_UNGUARDED_AVAILABILITY = YES_AGGRESSIVE;
				CLANG_WARN_UNREACHABLE_CODE = YES;
				CLANG_WARN__DUPLICATE_METHOD_MATCH = YES;
				COPY_PHASE_STRIP = NO;
				DEBUG_INFORMATION_FORMAT = "dwarf-with-dsym";
				ENABLE_NS_ASSERTIONS = NO;
				ENABLE_STRICT_OBJC_MSGSEND = YES;
				GCC_C_LANGUAGE_STANDARD = gnu11;
				GCC_NO_COMMON_BLOCKS = YES;
				GCC_WARN_64_TO_32_BIT_CONVERSION = YES;
				GCC_WARN_ABOUT_RETURN_TYPE = YES_ERROR;
				GCC_WARN_UNDECLARED_SELECTOR = YES;
				GCC_WARN_UNINITIALIZED_AUTOS = YES_AGGRESSIVE;
				GCC_WARN_UNUSED_FUNCTION = YES;
				GCC_WARN_UNUSED_VARIABLE = YES;
				IPHONEOS_DEPLOYMENT_TARGET = 11.0;
				MTL_ENABLE_DEBUG_INFO = NO;
				MTL_FAST_MATH = YES;
				SDKROOT = iphoneos;
				SWIFT_COMPILATION_MODE = wholemodule;
				SWIFT_OPTIMIZATION_LEVEL = "-O";
				VALIDATE_PRODUCT = YES;
			};
			name = Release;
		};
		ABE8CA1724531553001849FD /* Debug */ = {
			isa = XCBuildConfiguration;
			baseConfigurationReference = 8624419AB94397A0F8D380B1 /* Pods-Plantasia.debug.xcconfig */;
			buildSettings = {
				ASSETCATALOG_COMPILER_APPICON_NAME = AppIcon;
				CODE_SIGN_IDENTITY = "Apple Development";
				CODE_SIGN_STYLE = Automatic;
				CURRENT_PROJECT_VERSION = 1;
				DEVELOPMENT_TEAM = B6W985PHBM;
				INFOPLIST_FILE = Plantasia/Resources/Info.plist;
				LD_RUNPATH_SEARCH_PATHS = (
					"$(inherited)",
					"@executable_path/Frameworks",
				);
				MARKETING_VERSION = 1.0.4;
				PRODUCT_BUNDLE_IDENTIFIER = "com.archlime-solutions.plantasia";
				PRODUCT_NAME = "$(TARGET_NAME)";
				PROVISIONING_PROFILE_SPECIFIER = "";
				SWIFT_VERSION = 5.0;
				TARGETED_DEVICE_FAMILY = "1,2";
			};
			name = Debug;
		};
		ABE8CA1824531553001849FD /* Release */ = {
			isa = XCBuildConfiguration;
			baseConfigurationReference = 0D215255879EAF1B3389B11C /* Pods-Plantasia.release.xcconfig */;
			buildSettings = {
				ASSETCATALOG_COMPILER_APPICON_NAME = AppIcon;
				CODE_SIGN_IDENTITY = "Apple Development";
				CODE_SIGN_STYLE = Automatic;
				CURRENT_PROJECT_VERSION = 1;
				DEVELOPMENT_TEAM = B6W985PHBM;
				INFOPLIST_FILE = Plantasia/Resources/Info.plist;
				LD_RUNPATH_SEARCH_PATHS = (
					"$(inherited)",
					"@executable_path/Frameworks",
				);
				MARKETING_VERSION = 1.0.4;
				PRODUCT_BUNDLE_IDENTIFIER = "com.archlime-solutions.plantasia";
				PRODUCT_NAME = "$(TARGET_NAME)";
				PROVISIONING_PROFILE_SPECIFIER = "";
				SWIFT_VERSION = 5.0;
				TARGETED_DEVICE_FAMILY = "1,2";
			};
			name = Release;
		};
/* End XCBuildConfiguration section */

/* Begin XCConfigurationList section */
		ABE8C9FD24531551001849FD /* Build configuration list for PBXProject "Plantasia" */ = {
			isa = XCConfigurationList;
			buildConfigurations = (
				ABE8CA1424531553001849FD /* Debug */,
				ABE8CA1524531553001849FD /* Release */,
			);
			defaultConfigurationIsVisible = 0;
			defaultConfigurationName = Release;
		};
		ABE8CA1624531553001849FD /* Build configuration list for PBXNativeTarget "Plantasia" */ = {
			isa = XCConfigurationList;
			buildConfigurations = (
				ABE8CA1724531553001849FD /* Debug */,
				ABE8CA1824531553001849FD /* Release */,
			);
			defaultConfigurationIsVisible = 0;
			defaultConfigurationName = Release;
		};
/* End XCConfigurationList section */
	};
	rootObject = ABE8C9FA24531551001849FD /* Project object */;
}
